
Microsoft Visual Studio Solution File, Format Version 12.00
# Visual Studio Version 16
VisualStudioVersion = 16.0.29424.173
MinimumVisualStudioVersion = 10.0.40219.1
Project("{FAE04EC0-301F-11D3-BF4B-00C04F79EFBC}") = "AOC2019-10", "AOC2019-10\AOC2019-10.csproj", "{20872860-E819-4BCE-BB04-FE52DC5BAD1F}"
EndProject
Global
	GlobalSection(SolutionConfigurationPlatforms) = preSolution
		Debug|Any CPU = Debug|Any CPU
		Release|Any CPU = Release|Any CPU
	EndGlobalSection
	GlobalSection(ProjectConfigurationPlatforms) = postSolution
		{20872860-E819-4BCE-BB04-FE52DC5BAD1F}.Debug|Any CPU.ActiveCfg = Debug|Any CPU
		{20872860-E819-4BCE-BB04-FE52DC5BAD1F}.Debug|Any CPU.Build.0 = Debug|Any CPU
		{20872860-E819-4BCE-BB04-FE52DC5BAD1F}.Release|Any CPU.ActiveCfg = Release|Any CPU
		{20872860-E819-4BCE-BB04-FE52DC5BAD1F}.Release|Any CPU.Build.0 = Release|Any CPU
	EndGlobalSection
	GlobalSection(SolutionProperties) = preSolution
		HideSolutionNode = FALSE
	EndGlobalSection
	GlobalSection(ExtensibilityGlobals) = postSolution
		SolutionGuid = {0E94E100-190D-4131-8937-8624A53E6656}
	EndGlobalSection
EndGlobal
