
Microsoft Visual Studio Solution File, Format Version 12.00
# Visual Studio Version 16
VisualStudioVersion = 16.0.29424.173
MinimumVisualStudioVersion = 10.0.40219.1
Project("{FAE04EC0-301F-11D3-BF4B-00C04F79EFBC}") = "AOC2019-4", "AOC2019-4\AOC2019-4.csproj", "{E1A7BCB1-FC2A-4C9F-8F8B-29B23D9EEB82}"
EndProject
Global
	GlobalSection(SolutionConfigurationPlatforms) = preSolution
		Debug|Any CPU = Debug|Any CPU
		Release|Any CPU = Release|Any CPU
	EndGlobalSection
	GlobalSection(ProjectConfigurationPlatforms) = postSolution
		{E1A7BCB1-FC2A-4C9F-8F8B-29B23D9EEB82}.Debug|Any CPU.ActiveCfg = Debug|Any CPU
		{E1A7BCB1-FC2A-4C9F-8F8B-29B23D9EEB82}.Debug|Any CPU.Build.0 = Debug|Any CPU
		{E1A7BCB1-FC2A-4C9F-8F8B-29B23D9EEB82}.Release|Any CPU.ActiveCfg = Release|Any CPU
		{E1A7BCB1-FC2A-4C9F-8F8B-29B23D9EEB82}.Release|Any CPU.Build.0 = Release|Any CPU
	EndGlobalSection
	GlobalSection(SolutionProperties) = preSolution
		HideSolutionNode = FALSE
	EndGlobalSection
	GlobalSection(ExtensibilityGlobals) = postSolution
		SolutionGuid = {B86F4B74-4589-4477-82A1-E73FD9BDCC83}
	EndGlobalSection
EndGlobal
