
Microsoft Visual Studio Solution File, Format Version 12.00
# Visual Studio Version 16
VisualStudioVersion = 16.0.29424.173
MinimumVisualStudioVersion = 10.0.40219.1
Project("{9A19103F-16F7-4668-BE54-9A1E7A4F7556}") = "AOC2019-7", "AOC2019-7\AOC2019-7.csproj", "{95290BA8-3248-41F6-A69C-FBD2B2745F1B}"
EndProject
Global
	GlobalSection(SolutionConfigurationPlatforms) = preSolution
		Debug|Any CPU = Debug|Any CPU
		Release|Any CPU = Release|Any CPU
	EndGlobalSection
	GlobalSection(ProjectConfigurationPlatforms) = postSolution
		{95290BA8-3248-41F6-A69C-FBD2B2745F1B}.Debug|Any CPU.ActiveCfg = Debug|Any CPU
		{95290BA8-3248-41F6-A69C-FBD2B2745F1B}.Debug|Any CPU.Build.0 = Debug|Any CPU
		{95290BA8-3248-41F6-A69C-FBD2B2745F1B}.Release|Any CPU.ActiveCfg = Release|Any CPU
		{95290BA8-3248-41F6-A69C-FBD2B2745F1B}.Release|Any CPU.Build.0 = Release|Any CPU
	EndGlobalSection
	GlobalSection(SolutionProperties) = preSolution
		HideSolutionNode = FALSE
	EndGlobalSection
	GlobalSection(ExtensibilityGlobals) = postSolution
		SolutionGuid = {673F9549-6A90-4906-8068-78C37031FC5C}
	EndGlobalSection
EndGlobal
