
Microsoft Visual Studio Solution File, Format Version 12.00
# Visual Studio Version 16
VisualStudioVersion = 16.0.29424.173
MinimumVisualStudioVersion = 10.0.40219.1
Project("{FAE04EC0-301F-11D3-BF4B-00C04F79EFBC}") = "AOC2019-5", "AOC2019-5\AOC2019-5.csproj", "{062EFE36-0002-4715-A9E7-A46C7C388FD0}"
EndProject
Global
	GlobalSection(SolutionConfigurationPlatforms) = preSolution
		Debug|Any CPU = Debug|Any CPU
		Release|Any CPU = Release|Any CPU
	EndGlobalSection
	GlobalSection(ProjectConfigurationPlatforms) = postSolution
		{062EFE36-0002-4715-A9E7-A46C7C388FD0}.Debug|Any CPU.ActiveCfg = Debug|Any CPU
		{062EFE36-0002-4715-A9E7-A46C7C388FD0}.Debug|Any CPU.Build.0 = Debug|Any CPU
		{062EFE36-0002-4715-A9E7-A46C7C388FD0}.Release|Any CPU.ActiveCfg = Release|Any CPU
		{062EFE36-0002-4715-A9E7-A46C7C388FD0}.Release|Any CPU.Build.0 = Release|Any CPU
	EndGlobalSection
	GlobalSection(SolutionProperties) = preSolution
		HideSolutionNode = FALSE
	EndGlobalSection
	GlobalSection(ExtensibilityGlobals) = postSolution
		SolutionGuid = {1545410E-CEF2-4550-BD89-C1DCC0B7306B}
	EndGlobalSection
EndGlobal
