
Microsoft Visual Studio Solution File, Format Version 12.00
# Visual Studio Version 16
VisualStudioVersion = 16.0.30011.22
MinimumVisualStudioVersion = 10.0.40219.1
Project("{FAE04EC0-301F-11D3-BF4B-00C04F79EFBC}") = "AOC.2020.Day17", "AOC.2020.Day17\AOC.2020.Day17.csproj", "{8D51744A-C729-4D2B-B121-D179CF24871F}"
EndProject
Global
	GlobalSection(SolutionConfigurationPlatforms) = preSolution
		Debug|Any CPU = Debug|Any CPU
		Release|Any CPU = Release|Any CPU
	EndGlobalSection
	GlobalSection(ProjectConfigurationPlatforms) = postSolution
		{8D51744A-C729-4D2B-B121-D179CF24871F}.Debug|Any CPU.ActiveCfg = Debug|Any CPU
		{8D51744A-C729-4D2B-B121-D179CF24871F}.Debug|Any CPU.Build.0 = Debug|Any CPU
		{8D51744A-C729-4D2B-B121-D179CF24871F}.Release|Any CPU.ActiveCfg = Release|Any CPU
		{8D51744A-C729-4D2B-B121-D179CF24871F}.Release|Any CPU.Build.0 = Release|Any CPU
	EndGlobalSection
	GlobalSection(SolutionProperties) = preSolution
		HideSolutionNode = FALSE
	EndGlobalSection
	GlobalSection(ExtensibilityGlobals) = postSolution
		SolutionGuid = {57D115CE-8FE3-4ED2-852A-21045F011550}
	EndGlobalSection
EndGlobal
