
Microsoft Visual Studio Solution File, Format Version 12.00
# Visual Studio Version 16
VisualStudioVersion = 16.0.30011.22
MinimumVisualStudioVersion = 10.0.40219.1
Project("{FAE04EC0-301F-11D3-BF4B-00C04F79EFBC}") = "AOC.2020.Day24", "AOC.2020.Day24\AOC.2020.Day24.csproj", "{B4BC4C18-89D5-4F15-95BC-11A119487E7D}"
EndProject
Global
	GlobalSection(SolutionConfigurationPlatforms) = preSolution
		Debug|Any CPU = Debug|Any CPU
		Release|Any CPU = Release|Any CPU
	EndGlobalSection
	GlobalSection(ProjectConfigurationPlatforms) = postSolution
		{B4BC4C18-89D5-4F15-95BC-11A119487E7D}.Debug|Any CPU.ActiveCfg = Debug|Any CPU
		{B4BC4C18-89D5-4F15-95BC-11A119487E7D}.Debug|Any CPU.Build.0 = Debug|Any CPU
		{B4BC4C18-89D5-4F15-95BC-11A119487E7D}.Release|Any CPU.ActiveCfg = Release|Any CPU
		{B4BC4C18-89D5-4F15-95BC-11A119487E7D}.Release|Any CPU.Build.0 = Release|Any CPU
	EndGlobalSection
	GlobalSection(SolutionProperties) = preSolution
		HideSolutionNode = FALSE
	EndGlobalSection
	GlobalSection(ExtensibilityGlobals) = postSolution
		SolutionGuid = {535169F5-EF7E-406D-927F-B6CDD5017425}
	EndGlobalSection
EndGlobal
